
Microsoft Visual Studio Solution File, Format Version 12.00
# Visual Studio Version 17
VisualStudioVersion = 17.13.35931.197 d17.13
MinimumVisualStudioVersion = 10.0.40219.1
Project("{FAE04EC0-301F-11D3-BF4B-00C04F79EFBC}") = "DarkMode.UI", "DarkMode.UI\DarkMode.UI.csproj", "{125669C1-B0F1-43C0-90E5-F6B7BEB2953C}"
EndProject
Project("{FAE04EC0-301F-11D3-BF4B-00C04F79EFBC}") = "DarkMode.Updater", "DarkMode.Updater\DarkMode.Updater.csproj", "{8B298483-265B-46A8-B16F-98885D0EE8EB}"
EndProject
Project("{FAE04EC0-301F-11D3-BF4B-00C04F79EFBC}") = "DarkMode.Core", "DarkMode.Core\DarkMode.Core.csproj", "{68232BF8-A807-43BB-89B8-A310987D4057}"
EndProject
Project("{FAE04EC0-301F-11D3-BF4B-00C04F79EFBC}") = "DarkMode.Service", "DarkMode.Service\DarkMode.Service.csproj", "{035705D6-6270-4724-9C2D-8C204EAA1ECD}"
EndProject
Global
	GlobalSection(SolutionConfigurationPlatforms) = preSolution
		Debug|Any CPU = Debug|Any CPU
		Release|Any CPU = Release|Any CPU
	EndGlobalSection
	GlobalSection(ProjectConfigurationPlatforms) = postSolution
		{125669C1-B0F1-43C0-90E5-F6B7BEB2953C}.Debug|Any CPU.ActiveCfg = Debug|Any CPU
		{125669C1-B0F1-43C0-90E5-F6B7BEB2953C}.Debug|Any CPU.Build.0 = Debug|Any CPU
		{125669C1-B0F1-43C0-90E5-F6B7BEB2953C}.Release|Any CPU.ActiveCfg = Release|Any CPU
		{125669C1-B0F1-43C0-90E5-F6B7BEB2953C}.Release|Any CPU.Build.0 = Release|Any CPU
		{8B298483-265B-46A8-B16F-98885D0EE8EB}.Debug|Any CPU.ActiveCfg = Debug|Any CPU
		{8B298483-265B-46A8-B16F-98885D0EE8EB}.Debug|Any CPU.Build.0 = Debug|Any CPU
		{8B298483-265B-46A8-B16F-98885D0EE8EB}.Release|Any CPU.ActiveCfg = Release|Any CPU
		{8B298483-265B-46A8-B16F-98885D0EE8EB}.Release|Any CPU.Build.0 = Release|Any CPU
		{68232BF8-A807-43BB-89B8-A310987D4057}.Debug|Any CPU.ActiveCfg = Debug|Any CPU
		{68232BF8-A807-43BB-89B8-A310987D4057}.Debug|Any CPU.Build.0 = Debug|Any CPU
		{68232BF8-A807-43BB-89B8-A310987D4057}.Release|Any CPU.ActiveCfg = Release|Any CPU
		{68232BF8-A807-43BB-89B8-A310987D4057}.Release|Any CPU.Build.0 = Release|Any CPU
		{035705D6-6270-4724-9C2D-8C204EAA1ECD}.Debug|Any CPU.ActiveCfg = Debug|Any CPU
		{035705D6-6270-4724-9C2D-8C204EAA1ECD}.Debug|Any CPU.Build.0 = Debug|Any CPU
		{035705D6-6270-4724-9C2D-8C204EAA1ECD}.Release|Any CPU.ActiveCfg = Release|Any CPU
		{035705D6-6270-4724-9C2D-8C204EAA1ECD}.Release|Any CPU.Build.0 = Release|Any CPU
	EndGlobalSection
	GlobalSection(SolutionProperties) = preSolution
		HideSolutionNode = FALSE
	EndGlobalSection
	GlobalSection(ExtensibilityGlobals) = postSolution
		SolutionGuid = {C651EF1F-2412-4691-8A89-F5C315B13DD7}
	EndGlobalSection
EndGlobal
